
Microsoft Visual Studio Solution File, Format Version 12.00
# Visual Studio Version 16
VisualStudioVersion = 16.0.30717.126
MinimumVisualStudioVersion = 10.0.40219.1
Project("{FAE04EC0-301F-11D3-BF4B-00C04F79EFBC}") = "pix-payload-generator.net", "pix-payload-generator.net\pix-payload-generator.net.csproj", "{C8229AB8-50C1-41A6-B2B4-902E38FE9F0D}"
EndProject
Project("{FAE04EC0-301F-11D3-BF4B-00C04F79EFBC}") = "pix-payload-generator.net-test", "pix-payload-generator.net-test\pix-payload-generator.net-test.csproj", "{3B60C22C-FA58-4F78-96B4-BA250976C26B}"
EndProject
Global
	GlobalSection(SolutionConfigurationPlatforms) = preSolution
		Debug|Any CPU = Debug|Any CPU
		Release|Any CPU = Release|Any CPU
	EndGlobalSection
	GlobalSection(ProjectConfigurationPlatforms) = postSolution
		{C8229AB8-50C1-41A6-B2B4-902E38FE9F0D}.Debug|Any CPU.ActiveCfg = Debug|Any CPU
		{C8229AB8-50C1-41A6-B2B4-902E38FE9F0D}.Debug|Any CPU.Build.0 = Debug|Any CPU
		{C8229AB8-50C1-41A6-B2B4-902E38FE9F0D}.Release|Any CPU.ActiveCfg = Release|Any CPU
		{C8229AB8-50C1-41A6-B2B4-902E38FE9F0D}.Release|Any CPU.Build.0 = Release|Any CPU
		{3B60C22C-FA58-4F78-96B4-BA250976C26B}.Debug|Any CPU.ActiveCfg = Debug|Any CPU
		{3B60C22C-FA58-4F78-96B4-BA250976C26B}.Debug|Any CPU.Build.0 = Debug|Any CPU
		{3B60C22C-FA58-4F78-96B4-BA250976C26B}.Release|Any CPU.ActiveCfg = Release|Any CPU
		{3B60C22C-FA58-4F78-96B4-BA250976C26B}.Release|Any CPU.Build.0 = Release|Any CPU
	EndGlobalSection
	GlobalSection(SolutionProperties) = preSolution
		HideSolutionNode = FALSE
	EndGlobalSection
	GlobalSection(ExtensibilityGlobals) = postSolution
		SolutionGuid = {2EDA3E40-8984-449A-9F88-75E081022EA4}
	EndGlobalSection
EndGlobal
